// !$*UTF8*$!
{
	archiveVersion = 1;
	classes = {
	};
	objectVersion = 56;
	objects = {

/* Begin PBXBuildFile section */
		A99BFDED2BBB6A2F004B5307 /* AppDelegate.swift in Sources */ = {isa = PBXBuildFile; fileRef = A99BFDEC2BBB6A2F004B5307 /* AppDelegate.swift */; };
		A99BFDEF2BBB6A2F004B5307 /* SceneDelegate.swift in Sources */ = {isa = PBXBuildFile; fileRef = A99BFDEE2BBB6A2F004B5307 /* SceneDelegate.swift */; };
		A99BFDF12BBB6A2F004B5307 /* MainViewController.swift in Sources */ = {isa = PBXBuildFile; fileRef = A99BFDF02BBB6A2F004B5307 /* MainViewController.swift */; };
		A99BFDF62BBB6A32004B5307 /* Assets.xcassets in Resources */ = {isa = PBXBuildFile; fileRef = A99BFDF52BBB6A32004B5307 /* Assets.xcassets */; };
		A99BFDF92BBB6A32004B5307 /* LaunchScreen.storyboard in Resources */ = {isa = PBXBuildFile; fileRef = A99BFDF72BBB6A32004B5307 /* LaunchScreen.storyboard */; };
		A99BFE072BBB6F50004B5307 /* MovieStackViewController.swift in Sources */ = {isa = PBXBuildFile; fileRef = A99BFE062BBB6F50004B5307 /* MovieStackViewController.swift */; };
		A99BFE092BBB738A004B5307 /* MainViewController.storyboard in Resources */ = {isa = PBXBuildFile; fileRef = A99BFE082BBB738A004B5307 /* MainViewController.storyboard */; };
		A99BFE0B2BBB75E7004B5307 /* MovieStackViewController.storyboard in Resources */ = {isa = PBXBuildFile; fileRef = A99BFE0A2BBB75E7004B5307 /* MovieStackViewController.storyboard */; };
		A99BFE0E2BBBA365004B5307 /* SwipeableCardView.swift in Sources */ = {isa = PBXBuildFile; fileRef = A99BFE0D2BBBA365004B5307 /* SwipeableCardView.swift */; };
		A99BFE102BBBC6C5004B5307 /* SwipeableCardStackView.swift in Sources */ = {isa = PBXBuildFile; fileRef = A99BFE0F2BBBC6C5004B5307 /* SwipeableCardStackView.swift */; };
		A99BFE132BBBCBDA004B5307 /* UIView+Extension.swift in Sources */ = {isa = PBXBuildFile; fileRef = A99BFE122BBBCBDA004B5307 /* UIView+Extension.swift */; };
		A99BFE202BBCD09B004B5307 /* MovierContainer.swift in Sources */ = {isa = PBXBuildFile; fileRef = A99BFE1F2BBCD09B004B5307 /* MovierContainer.swift */; };
		A99BFE282BBCD445004B5307 /* Swinject in Frameworks */ = {isa = PBXBuildFile; productRef = A99BFE272BBCD445004B5307 /* Swinject */; };
		A99BFE2A2BBCD4ED004B5307 /* TMDBKey.plist in Resources */ = {isa = PBXBuildFile; fileRef = A99BFE292BBCD4ED004B5307 /* TMDBKey.plist */; };
		A99BFE2C2BBCD6E2004B5307 /* MovieService.swift in Sources */ = {isa = PBXBuildFile; fileRef = A99BFE2B2BBCD6E2004B5307 /* MovieService.swift */; };
		A99BFE2F2BBD026A004B5307 /* TrendingMovieResponse.swift in Sources */ = {isa = PBXBuildFile; fileRef = A99BFE2E2BBD026A004B5307 /* TrendingMovieResponse.swift */; };
		A99BFE312BBD02ED004B5307 /* Movie.swift in Sources */ = {isa = PBXBuildFile; fileRef = A99BFE302BBD02ED004B5307 /* Movie.swift */; };
		A99BFE332BBD0516004B5307 /* Constants.swift in Sources */ = {isa = PBXBuildFile; fileRef = A99BFE322BBD0516004B5307 /* Constants.swift */; };
		A99BFE352BBD0564004B5307 /* MovierError.swift in Sources */ = {isa = PBXBuildFile; fileRef = A99BFE342BBD0564004B5307 /* MovierError.swift */; };
		A99BFE372BBD0768004B5307 /* DataTaskFactory.swift in Sources */ = {isa = PBXBuildFile; fileRef = A99BFE362BBD0768004B5307 /* DataTaskFactory.swift */; };
		A99BFE392BBD082F004B5307 /* URLResponse+Extension.swift in Sources */ = {isa = PBXBuildFile; fileRef = A99BFE382BBD082F004B5307 /* URLResponse+Extension.swift */; };
		A99BFE3B2BBD0989004B5307 /* RequestFactory.swift in Sources */ = {isa = PBXBuildFile; fileRef = A99BFE3A2BBD0989004B5307 /* RequestFactory.swift */; };
		A99BFE3D2BBD0FA3004B5307 /* MovieManager.swift in Sources */ = {isa = PBXBuildFile; fileRef = A99BFE3C2BBD0FA3004B5307 /* MovieManager.swift */; };
		A99BFE452BBD11A4004B5307 /* MovierTests.swift in Sources */ = {isa = PBXBuildFile; fileRef = A99BFE442BBD11A4004B5307 /* MovierTests.swift */; };
		A99BFE4E2BBD11D2004B5307 /* MovieManagerTests.swift in Sources */ = {isa = PBXBuildFile; fileRef = A99BFE4D2BBD11D2004B5307 /* MovieManagerTests.swift */; };
		A99BFE522BBD1245004B5307 /* MockMovieService.swift in Sources */ = {isa = PBXBuildFile; fileRef = A99BFE512BBD1245004B5307 /* MockMovieService.swift */; };
/* End PBXBuildFile section */

/* Begin PBXContainerItemProxy section */
		A99BFE462BBD11A4004B5307 /* PBXContainerItemProxy */ = {
			isa = PBXContainerItemProxy;
			containerPortal = A99BFDE12BBB6A2F004B5307 /* Project object */;
			proxyType = 1;
			remoteGlobalIDString = A99BFDE82BBB6A2F004B5307;
			remoteInfo = Movier;
		};
/* End PBXContainerItemProxy section */

/* Begin PBXFileReference section */
		A99BFDE92BBB6A2F004B5307 /* Movier.app */ = {isa = PBXFileReference; explicitFileType = wrapper.application; includeInIndex = 0; path = Movier.app; sourceTree = BUILT_PRODUCTS_DIR; };
		A99BFDEC2BBB6A2F004B5307 /* AppDelegate.swift */ = {isa = PBXFileReference; lastKnownFileType = sourcecode.swift; path = AppDelegate.swift; sourceTree = "<group>"; };
		A99BFDEE2BBB6A2F004B5307 /* SceneDelegate.swift */ = {isa = PBXFileReference; lastKnownFileType = sourcecode.swift; path = SceneDelegate.swift; sourceTree = "<group>"; };
		A99BFDF02BBB6A2F004B5307 /* MainViewController.swift */ = {isa = PBXFileReference; lastKnownFileType = sourcecode.swift; path = MainViewController.swift; sourceTree = "<group>"; };
		A99BFDF52BBB6A32004B5307 /* Assets.xcassets */ = {isa = PBXFileReference; lastKnownFileType = folder.assetcatalog; path = Assets.xcassets; sourceTree = "<group>"; };
		A99BFDF82BBB6A32004B5307 /* Base */ = {isa = PBXFileReference; lastKnownFileType = file.storyboard; name = Base; path = Base.lproj/LaunchScreen.storyboard; sourceTree = "<group>"; };
		A99BFDFA2BBB6A32004B5307 /* Info.plist */ = {isa = PBXFileReference; lastKnownFileType = text.plist.xml; path = Info.plist; sourceTree = "<group>"; };
		A99BFE062BBB6F50004B5307 /* MovieStackViewController.swift */ = {isa = PBXFileReference; lastKnownFileType = sourcecode.swift; path = MovieStackViewController.swift; sourceTree = "<group>"; };
		A99BFE082BBB738A004B5307 /* MainViewController.storyboard */ = {isa = PBXFileReference; lastKnownFileType = file.storyboard; path = MainViewController.storyboard; sourceTree = "<group>"; };
		A99BFE0A2BBB75E7004B5307 /* MovieStackViewController.storyboard */ = {isa = PBXFileReference; lastKnownFileType = file.storyboard; path = MovieStackViewController.storyboard; sourceTree = "<group>"; };
		A99BFE0D2BBBA365004B5307 /* SwipeableCardView.swift */ = {isa = PBXFileReference; lastKnownFileType = sourcecode.swift; path = SwipeableCardView.swift; sourceTree = "<group>"; };
		A99BFE0F2BBBC6C5004B5307 /* SwipeableCardStackView.swift */ = {isa = PBXFileReference; lastKnownFileType = sourcecode.swift; path = SwipeableCardStackView.swift; sourceTree = "<group>"; };
		A99BFE122BBBCBDA004B5307 /* UIView+Extension.swift */ = {isa = PBXFileReference; lastKnownFileType = sourcecode.swift; path = "UIView+Extension.swift"; sourceTree = "<group>"; };
		A99BFE1F2BBCD09B004B5307 /* MovierContainer.swift */ = {isa = PBXFileReference; lastKnownFileType = sourcecode.swift; path = MovierContainer.swift; sourceTree = "<group>"; };
		A99BFE292BBCD4ED004B5307 /* TMDBKey.plist */ = {isa = PBXFileReference; lastKnownFileType = text.plist.xml; path = TMDBKey.plist; sourceTree = "<group>"; };
		A99BFE2B2BBCD6E2004B5307 /* MovieService.swift */ = {isa = PBXFileReference; lastKnownFileType = sourcecode.swift; path = MovieService.swift; sourceTree = "<group>"; };
		A99BFE2E2BBD026A004B5307 /* TrendingMovieResponse.swift */ = {isa = PBXFileReference; lastKnownFileType = sourcecode.swift; path = TrendingMovieResponse.swift; sourceTree = "<group>"; };
		A99BFE302BBD02ED004B5307 /* Movie.swift */ = {isa = PBXFileReference; lastKnownFileType = sourcecode.swift; path = Movie.swift; sourceTree = "<group>"; };
		A99BFE322BBD0516004B5307 /* Constants.swift */ = {isa = PBXFileReference; lastKnownFileType = sourcecode.swift; path = Constants.swift; sourceTree = "<group>"; };
		A99BFE342BBD0564004B5307 /* MovierError.swift */ = {isa = PBXFileReference; lastKnownFileType = sourcecode.swift; path = MovierError.swift; sourceTree = "<group>"; };
		A99BFE362BBD0768004B5307 /* DataTaskFactory.swift */ = {isa = PBXFileReference; lastKnownFileType = sourcecode.swift; path = DataTaskFactory.swift; sourceTree = "<group>"; };
		A99BFE382BBD082F004B5307 /* URLResponse+Extension.swift */ = {isa = PBXFileReference; lastKnownFileType = sourcecode.swift; path = "URLResponse+Extension.swift"; sourceTree = "<group>"; };
		A99BFE3A2BBD0989004B5307 /* RequestFactory.swift */ = {isa = PBXFileReference; lastKnownFileType = sourcecode.swift; path = RequestFactory.swift; sourceTree = "<group>"; };
		A99BFE3C2BBD0FA3004B5307 /* MovieManager.swift */ = {isa = PBXFileReference; lastKnownFileType = sourcecode.swift; path = MovieManager.swift; sourceTree = "<group>"; };
		A99BFE422BBD11A4004B5307 /* MovierTests.xctest */ = {isa = PBXFileReference; explicitFileType = wrapper.cfbundle; includeInIndex = 0; path = MovierTests.xctest; sourceTree = BUILT_PRODUCTS_DIR; };
		A99BFE442BBD11A4004B5307 /* MovierTests.swift */ = {isa = PBXFileReference; lastKnownFileType = sourcecode.swift; path = MovierTests.swift; sourceTree = "<group>"; };
		A99BFE4D2BBD11D2004B5307 /* MovieManagerTests.swift */ = {isa = PBXFileReference; lastKnownFileType = sourcecode.swift; path = MovieManagerTests.swift; sourceTree = "<group>"; };
		A99BFE512BBD1245004B5307 /* MockMovieService.swift */ = {isa = PBXFileReference; lastKnownFileType = sourcecode.swift; path = MockMovieService.swift; sourceTree = "<group>"; };
/* End PBXFileReference section */

/* Begin PBXFrameworksBuildPhase section */
		A99BFDE62BBB6A2F004B5307 /* Frameworks */ = {
			isa = PBXFrameworksBuildPhase;
			buildActionMask = 2147483647;
			files = (
				A99BFE282BBCD445004B5307 /* Swinject in Frameworks */,
			);
			runOnlyForDeploymentPostprocessing = 0;
		};
		A99BFE3F2BBD11A4004B5307 /* Frameworks */ = {
			isa = PBXFrameworksBuildPhase;
			buildActionMask = 2147483647;
			files = (
			);
			runOnlyForDeploymentPostprocessing = 0;
		};
/* End PBXFrameworksBuildPhase section */

/* Begin PBXGroup section */
		A99BFDE02BBB6A2F004B5307 = {
			isa = PBXGroup;
			children = (
				A99BFDEB2BBB6A2F004B5307 /* Movier */,
				A99BFE432BBD11A4004B5307 /* MovierTests */,
				A99BFDEA2BBB6A2F004B5307 /* Products */,
				A99BFE212BBCD39A004B5307 /* Frameworks */,
			);
			sourceTree = "<group>";
		};
		A99BFDEA2BBB6A2F004B5307 /* Products */ = {
			isa = PBXGroup;
			children = (
				A99BFDE92BBB6A2F004B5307 /* Movier.app */,
				A99BFE422BBD11A4004B5307 /* MovierTests.xctest */,
			);
			name = Products;
			sourceTree = "<group>";
		};
		A99BFDEB2BBB6A2F004B5307 /* Movier */ = {
			isa = PBXGroup;
			children = (
				A99BFE012BBB6BB8004B5307 /* Resources */,
				A99BFE112BBBCBCD004B5307 /* Util */,
				A99BFE1E2BBCD089004B5307 /* Container */,
				A99BFE1A2BBCCFD0004B5307 /* Services */,
				A99BFE1B2BBCCFDB004B5307 /* Business */,
				A99BFE002BBB6BB4004B5307 /* Presentation */,
				A99BFDEE2BBB6A2F004B5307 /* SceneDelegate.swift */,
				A99BFDEC2BBB6A2F004B5307 /* AppDelegate.swift */,
			);
			path = Movier;
			sourceTree = "<group>";
		};
		A99BFE002BBB6BB4004B5307 /* Presentation */ = {
			isa = PBXGroup;
			children = (
				A99BFE0C2BBBA350004B5307 /* Components */,
				A99BFE052BBB6F2E004B5307 /* Movie_Stack */,
				A99BFE022BBB6BD8004B5307 /* Main */,
				A99BFDF72BBB6A32004B5307 /* LaunchScreen.storyboard */,
			);
			path = Presentation;
			sourceTree = "<group>";
		};
		A99BFE012BBB6BB8004B5307 /* Resources */ = {
			isa = PBXGroup;
			children = (
				A99BFDFA2BBB6A32004B5307 /* Info.plist */,
				A99BFE292BBCD4ED004B5307 /* TMDBKey.plist */,
				A99BFDF52BBB6A32004B5307 /* Assets.xcassets */,
			);
			path = Resources;
			sourceTree = "<group>";
		};
		A99BFE022BBB6BD8004B5307 /* Main */ = {
			isa = PBXGroup;
			children = (
				A99BFDF02BBB6A2F004B5307 /* MainViewController.swift */,
				A99BFE082BBB738A004B5307 /* MainViewController.storyboard */,
			);
			path = Main;
			sourceTree = "<group>";
		};
		A99BFE052BBB6F2E004B5307 /* Movie_Stack */ = {
			isa = PBXGroup;
			children = (
				A99BFE142BBCCD6B004B5307 /* MovieView */,
				A99BFE062BBB6F50004B5307 /* MovieStackViewController.swift */,
				A99BFE0A2BBB75E7004B5307 /* MovieStackViewController.storyboard */,
			);
			path = Movie_Stack;
			sourceTree = "<group>";
		};
		A99BFE0C2BBBA350004B5307 /* Components */ = {
			isa = PBXGroup;
			children = (
				A99BFE0D2BBBA365004B5307 /* SwipeableCardView.swift */,
				A99BFE0F2BBBC6C5004B5307 /* SwipeableCardStackView.swift */,
			);
			path = Components;
			sourceTree = "<group>";
		};
		A99BFE112BBBCBCD004B5307 /* Util */ = {
			isa = PBXGroup;
			children = (
				A99BFE382BBD082F004B5307 /* URLResponse+Extension.swift */,
				A99BFE122BBBCBDA004B5307 /* UIView+Extension.swift */,
				A99BFE322BBD0516004B5307 /* Constants.swift */,
				A99BFE342BBD0564004B5307 /* MovierError.swift */,
			);
			path = Util;
			sourceTree = "<group>";
		};
		A99BFE142BBCCD6B004B5307 /* MovieView */ = {
			isa = PBXGroup;
			children = (
			);
			path = MovieView;
			sourceTree = "<group>";
		};
		A99BFE1A2BBCCFD0004B5307 /* Services */ = {
			isa = PBXGroup;
			children = (
				A99BFE2D2BBD025E004B5307 /* Models */,
				A99BFE362BBD0768004B5307 /* DataTaskFactory.swift */,
				A99BFE3A2BBD0989004B5307 /* RequestFactory.swift */,
				A99BFE2B2BBCD6E2004B5307 /* MovieService.swift */,
			);
			path = Services;
			sourceTree = "<group>";
		};
		A99BFE1B2BBCCFDB004B5307 /* Business */ = {
			isa = PBXGroup;
			children = (
				A99BFE3C2BBD0FA3004B5307 /* MovieManager.swift */,
			);
			path = Business;
			sourceTree = "<group>";
		};
		A99BFE1E2BBCD089004B5307 /* Container */ = {
			isa = PBXGroup;
			children = (
				A99BFE1F2BBCD09B004B5307 /* MovierContainer.swift */,
			);
			path = Container;
			sourceTree = "<group>";
		};
		A99BFE212BBCD39A004B5307 /* Frameworks */ = {
			isa = PBXGroup;
			children = (
			);
			name = Frameworks;
			sourceTree = "<group>";
		};
		A99BFE2D2BBD025E004B5307 /* Models */ = {
			isa = PBXGroup;
			children = (
				A99BFE302BBD02ED004B5307 /* Movie.swift */,
				A99BFE2E2BBD026A004B5307 /* TrendingMovieResponse.swift */,
			);
			path = Models;
			sourceTree = "<group>";
		};
		A99BFE432BBD11A4004B5307 /* MovierTests */ = {
			isa = PBXGroup;
			children = (
				A99BFE4C2BBD11C2004B5307 /* Business */,
				A99BFE4B2BBD11B9004B5307 /* Mocks */,
				A99BFE442BBD11A4004B5307 /* MovierTests.swift */,
			);
			path = MovierTests;
			sourceTree = "<group>";
		};
		A99BFE4B2BBD11B9004B5307 /* Mocks */ = {
			isa = PBXGroup;
			children = (
				A99BFE512BBD1245004B5307 /* MockMovieService.swift */,
			);
			path = Mocks;
			sourceTree = "<group>";
		};
		A99BFE4C2BBD11C2004B5307 /* Business */ = {
			isa = PBXGroup;
			children = (
				A99BFE4D2BBD11D2004B5307 /* MovieManagerTests.swift */,
			);
			path = Business;
			sourceTree = "<group>";
		};
/* End PBXGroup section */

/* Begin PBXNativeTarget section */
		A99BFDE82BBB6A2F004B5307 /* Movier */ = {
			isa = PBXNativeTarget;
			buildConfigurationList = A99BFDFD2BBB6A32004B5307 /* Build configuration list for PBXNativeTarget "Movier" */;
			buildPhases = (
				A99BFDE52BBB6A2F004B5307 /* Sources */,
				A99BFDE62BBB6A2F004B5307 /* Frameworks */,
				A99BFDE72BBB6A2F004B5307 /* Resources */,
			);
			buildRules = (
			);
			dependencies = (
			);
			name = Movier;
			packageProductDependencies = (
				A99BFE272BBCD445004B5307 /* Swinject */,
			);
			productName = Movier;
			productReference = A99BFDE92BBB6A2F004B5307 /* Movier.app */;
			productType = "com.apple.product-type.application";
		};
		A99BFE412BBD11A4004B5307 /* MovierTests */ = {
			isa = PBXNativeTarget;
			buildConfigurationList = A99BFE482BBD11A4004B5307 /* Build configuration list for PBXNativeTarget "MovierTests" */;
			buildPhases = (
				A99BFE3E2BBD11A4004B5307 /* Sources */,
				A99BFE3F2BBD11A4004B5307 /* Frameworks */,
				A99BFE402BBD11A4004B5307 /* Resources */,
			);
			buildRules = (
			);
			dependencies = (
				A99BFE472BBD11A4004B5307 /* PBXTargetDependency */,
			);
			name = MovierTests;
			productName = MovierTests;
			productReference = A99BFE422BBD11A4004B5307 /* MovierTests.xctest */;
			productType = "com.apple.product-type.bundle.unit-test";
		};
/* End PBXNativeTarget section */

/* Begin PBXProject section */
		A99BFDE12BBB6A2F004B5307 /* Project object */ = {
			isa = PBXProject;
			attributes = {
				BuildIndependentTargetsInParallel = 1;
				LastSwiftUpdateCheck = 1520;
				LastUpgradeCheck = 1520;
				TargetAttributes = {
					A99BFDE82BBB6A2F004B5307 = {
						CreatedOnToolsVersion = 15.2;
					};
					A99BFE412BBD11A4004B5307 = {
						CreatedOnToolsVersion = 15.2;
						TestTargetID = A99BFDE82BBB6A2F004B5307;
					};
				};
			};
			buildConfigurationList = A99BFDE42BBB6A2F004B5307 /* Build configuration list for PBXProject "Movier" */;
			compatibilityVersion = "Xcode 14.0";
			developmentRegion = en;
			hasScannedForEncodings = 0;
			knownRegions = (
				en,
				Base,
			);
			mainGroup = A99BFDE02BBB6A2F004B5307;
			packageReferences = (
				A99BFE262BBCD445004B5307 /* XCRemoteSwiftPackageReference "Swinject" */,
			);
			productRefGroup = A99BFDEA2BBB6A2F004B5307 /* Products */;
			projectDirPath = "";
			projectRoot = "";
			targets = (
				A99BFDE82BBB6A2F004B5307 /* Movier */,
				A99BFE412BBD11A4004B5307 /* MovierTests */,
			);
		};
/* End PBXProject section */

/* Begin PBXResourcesBuildPhase section */
		A99BFDE72BBB6A2F004B5307 /* Resources */ = {
			isa = PBXResourcesBuildPhase;
			buildActionMask = 2147483647;
			files = (
				A99BFDF92BBB6A32004B5307 /* LaunchScreen.storyboard in Resources */,
				A99BFE092BBB738A004B5307 /* MainViewController.storyboard in Resources */,
				A99BFDF62BBB6A32004B5307 /* Assets.xcassets in Resources */,
				A99BFE0B2BBB75E7004B5307 /* MovieStackViewController.storyboard in Resources */,
				A99BFE2A2BBCD4ED004B5307 /* TMDBKey.plist in Resources */,
			);
			runOnlyForDeploymentPostprocessing = 0;
		};
		A99BFE402BBD11A4004B5307 /* Resources */ = {
			isa = PBXResourcesBuildPhase;
			buildActionMask = 2147483647;
			files = (
			);
			runOnlyForDeploymentPostprocessing = 0;
		};
/* End PBXResourcesBuildPhase section */

/* Begin PBXSourcesBuildPhase section */
		A99BFDE52BBB6A2F004B5307 /* Sources */ = {
			isa = PBXSourcesBuildPhase;
			buildActionMask = 2147483647;
			files = (
				A99BFE3D2BBD0FA3004B5307 /* MovieManager.swift in Sources */,
				A99BFE3B2BBD0989004B5307 /* RequestFactory.swift in Sources */,
				A99BFE352BBD0564004B5307 /* MovierError.swift in Sources */,
				A99BFE392BBD082F004B5307 /* URLResponse+Extension.swift in Sources */,
				A99BFE0E2BBBA365004B5307 /* SwipeableCardView.swift in Sources */,
				A99BFE132BBBCBDA004B5307 /* UIView+Extension.swift in Sources */,
				A99BFE2F2BBD026A004B5307 /* TrendingMovieResponse.swift in Sources */,
				A99BFE102BBBC6C5004B5307 /* SwipeableCardStackView.swift in Sources */,
				A99BFE372BBD0768004B5307 /* DataTaskFactory.swift in Sources */,
				A99BFDF12BBB6A2F004B5307 /* MainViewController.swift in Sources */,
				A99BFDED2BBB6A2F004B5307 /* AppDelegate.swift in Sources */,
				A99BFE202BBCD09B004B5307 /* MovierContainer.swift in Sources */,
				A99BFE2C2BBCD6E2004B5307 /* MovieService.swift in Sources */,
				A99BFE072BBB6F50004B5307 /* MovieStackViewController.swift in Sources */,
				A99BFE312BBD02ED004B5307 /* Movie.swift in Sources */,
				A99BFDEF2BBB6A2F004B5307 /* SceneDelegate.swift in Sources */,
				A99BFE332BBD0516004B5307 /* Constants.swift in Sources */,
			);
			runOnlyForDeploymentPostprocessing = 0;
		};
		A99BFE3E2BBD11A4004B5307 /* Sources */ = {
			isa = PBXSourcesBuildPhase;
			buildActionMask = 2147483647;
			files = (
				A99BFE4E2BBD11D2004B5307 /* MovieManagerTests.swift in Sources */,
				A99BFE522BBD1245004B5307 /* MockMovieService.swift in Sources */,
				A99BFE452BBD11A4004B5307 /* MovierTests.swift in Sources */,
			);
			runOnlyForDeploymentPostprocessing = 0;
		};
/* End PBXSourcesBuildPhase section */

/* Begin PBXTargetDependency section */
		A99BFE472BBD11A4004B5307 /* PBXTargetDependency */ = {
			isa = PBXTargetDependency;
			target = A99BFDE82BBB6A2F004B5307 /* Movier */;
			targetProxy = A99BFE462BBD11A4004B5307 /* PBXContainerItemProxy */;
		};
/* End PBXTargetDependency section */

/* Begin PBXVariantGroup section */
		A99BFDF72BBB6A32004B5307 /* LaunchScreen.storyboard */ = {
			isa = PBXVariantGroup;
			children = (
				A99BFDF82BBB6A32004B5307 /* Base */,
			);
			name = LaunchScreen.storyboard;
			sourceTree = "<group>";
		};
/* End PBXVariantGroup section */

/* Begin XCBuildConfiguration section */
		A99BFDFB2BBB6A32004B5307 /* Debug */ = {
			isa = XCBuildConfiguration;
			buildSettings = {
				ALWAYS_SEARCH_USER_PATHS = NO;
				ASSETCATALOG_COMPILER_GENERATE_SWIFT_ASSET_SYMBOL_EXTENSIONS = YES;
				CLANG_ANALYZER_NONNULL = YES;
				CLANG_ANALYZER_NUMBER_OBJECT_CONVERSION = YES_AGGRESSIVE;
				CLANG_CXX_LANGUAGE_STANDARD = "gnu++20";
				CLANG_ENABLE_MODULES = YES;
				CLANG_ENABLE_OBJC_ARC = YES;
				CLANG_ENABLE_OBJC_WEAK = YES;
				CLANG_WARN_BLOCK_CAPTURE_AUTORELEASING = YES;
				CLANG_WARN_BOOL_CONVERSION = YES;
				CLANG_WARN_COMMA = YES;
				CLANG_WARN_CONSTANT_CONVERSION = YES;
				CLANG_WARN_DEPRECATED_OBJC_IMPLEMENTATIONS = YES;
				CLANG_WARN_DIRECT_OBJC_ISA_USAGE = YES_ERROR;
				CLANG_WARN_DOCUMENTATION_COMMENTS = YES;
				CLANG_WARN_EMPTY_BODY = YES;
				CLANG_WARN_ENUM_CONVERSION = YES;
				CLANG_WARN_INFINITE_RECURSION = YES;
				CLANG_WARN_INT_CONVERSION = YES;
				CLANG_WARN_NON_LITERAL_NULL_CONVERSION = YES;
				CLANG_WARN_OBJC_IMPLICIT_RETAIN_SELF = YES;
				CLANG_WARN_OBJC_LITERAL_CONVERSION = YES;
				CLANG_WARN_OBJC_ROOT_CLASS = YES_ERROR;
				CLANG_WARN_QUOTED_INCLUDE_IN_FRAMEWORK_HEADER = YES;
				CLANG_WARN_RANGE_LOOP_ANALYSIS = YES;
				CLANG_WARN_STRICT_PROTOTYPES = YES;
				CLANG_WARN_SUSPICIOUS_MOVE = YES;
				CLANG_WARN_UNGUARDED_AVAILABILITY = YES_AGGRESSIVE;
				CLANG_WARN_UNREACHABLE_CODE = YES;
				CLANG_WARN__DUPLICATE_METHOD_MATCH = YES;
				COPY_PHASE_STRIP = NO;
				DEBUG_INFORMATION_FORMAT = dwarf;
				ENABLE_STRICT_OBJC_MSGSEND = YES;
				ENABLE_TESTABILITY = YES;
				ENABLE_USER_SCRIPT_SANDBOXING = YES;
				GCC_C_LANGUAGE_STANDARD = gnu17;
				GCC_DYNAMIC_NO_PIC = NO;
				GCC_NO_COMMON_BLOCKS = YES;
				GCC_OPTIMIZATION_LEVEL = 0;
				GCC_PREPROCESSOR_DEFINITIONS = (
					"DEBUG=1",
					"$(inherited)",
				);
				GCC_WARN_64_TO_32_BIT_CONVERSION = YES;
				GCC_WARN_ABOUT_RETURN_TYPE = YES_ERROR;
				GCC_WARN_UNDECLARED_SELECTOR = YES;
				GCC_WARN_UNINITIALIZED_AUTOS = YES_AGGRESSIVE;
				GCC_WARN_UNUSED_FUNCTION = YES;
				GCC_WARN_UNUSED_VARIABLE = YES;
				IPHONEOS_DEPLOYMENT_TARGET = 17.2;
				LOCALIZATION_PREFERS_STRING_CATALOGS = YES;
				MTL_ENABLE_DEBUG_INFO = INCLUDE_SOURCE;
				MTL_FAST_MATH = YES;
				ONLY_ACTIVE_ARCH = YES;
				SDKROOT = iphoneos;
				SWIFT_ACTIVE_COMPILATION_CONDITIONS = "DEBUG $(inherited)";
				SWIFT_OPTIMIZATION_LEVEL = "-Onone";
			};
			name = Debug;
		};
		A99BFDFC2BBB6A32004B5307 /* Release */ = {
			isa = XCBuildConfiguration;
			buildSettings = {
				ALWAYS_SEARCH_USER_PATHS = NO;
				ASSETCATALOG_COMPILER_GENERATE_SWIFT_ASSET_SYMBOL_EXTENSIONS = YES;
				CLANG_ANALYZER_NONNULL = YES;
				CLANG_ANALYZER_NUMBER_OBJECT_CONVERSION = YES_AGGRESSIVE;
				CLANG_CXX_LANGUAGE_STANDARD = "gnu++20";
				CLANG_ENABLE_MODULES = YES;
				CLANG_ENABLE_OBJC_ARC = YES;
				CLANG_ENABLE_OBJC_WEAK = YES;
				CLANG_WARN_BLOCK_CAPTURE_AUTORELEASING = YES;
				CLANG_WARN_BOOL_CONVERSION = YES;
				CLANG_WARN_COMMA = YES;
				CLANG_WARN_CONSTANT_CONVERSION = YES;
				CLANG_WARN_DEPRECATED_OBJC_IMPLEMENTATIONS = YES;
				CLANG_WARN_DIRECT_OBJC_ISA_USAGE = YES_ERROR;
				CLANG_WARN_DOCUMENTATION_COMMENTS = YES;
				CLANG_WARN_EMPTY_BODY = YES;
				CLANG_WARN_ENUM_CONVERSION = YES;
				CLANG_WARN_INFINITE_RECURSION = YES;
				CLANG_WARN_INT_CONVERSION = YES;
				CLANG_WARN_NON_LITERAL_NULL_CONVERSION = YES;
				CLANG_WARN_OBJC_IMPLICIT_RETAIN_SELF = YES;
				CLANG_WARN_OBJC_LITERAL_CONVERSION = YES;
				CLANG_WARN_OBJC_ROOT_CLASS = YES_ERROR;
				CLANG_WARN_QUOTED_INCLUDE_IN_FRAMEWORK_HEADER = YES;
				CLANG_WARN_RANGE_LOOP_ANALYSIS = YES;
				CLANG_WARN_STRICT_PROTOTYPES = YES;
				CLANG_WARN_SUSPICIOUS_MOVE = YES;
				CLANG_WARN_UNGUARDED_AVAILABILITY = YES_AGGRESSIVE;
				CLANG_WARN_UNREACHABLE_CODE = YES;
				CLANG_WARN__DUPLICATE_METHOD_MATCH = YES;
				COPY_PHASE_STRIP = NO;
				DEBUG_INFORMATION_FORMAT = "dwarf-with-dsym";
				ENABLE_NS_ASSERTIONS = NO;
				ENABLE_STRICT_OBJC_MSGSEND = YES;
				ENABLE_USER_SCRIPT_SANDBOXING = YES;
				GCC_C_LANGUAGE_STANDARD = gnu17;
				GCC_NO_COMMON_BLOCKS = YES;
				GCC_WARN_64_TO_32_BIT_CONVERSION = YES;
				GCC_WARN_ABOUT_RETURN_TYPE = YES_ERROR;
				GCC_WARN_UNDECLARED_SELECTOR = YES;
				GCC_WARN_UNINITIALIZED_AUTOS = YES_AGGRESSIVE;
				GCC_WARN_UNUSED_FUNCTION = YES;
				GCC_WARN_UNUSED_VARIABLE = YES;
				IPHONEOS_DEPLOYMENT_TARGET = 17.2;
				LOCALIZATION_PREFERS_STRING_CATALOGS = YES;
				MTL_ENABLE_DEBUG_INFO = NO;
				MTL_FAST_MATH = YES;
				SDKROOT = iphoneos;
				SWIFT_COMPILATION_MODE = wholemodule;
				VALIDATE_PRODUCT = YES;
			};
			name = Release;
		};
		A99BFDFE2BBB6A32004B5307 /* Debug */ = {
			isa = XCBuildConfiguration;
			buildSettings = {
				ASSETCATALOG_COMPILER_APPICON_NAME = AppIcon;
				ASSETCATALOG_COMPILER_GLOBAL_ACCENT_COLOR_NAME = AccentColor;
				CODE_SIGN_STYLE = Automatic;
				CURRENT_PROJECT_VERSION = 1;
				DEVELOPMENT_TEAM = FJAA2F3LCL;
				GENERATE_INFOPLIST_FILE = YES;
				INFOPLIST_FILE = Movier/Resources/Info.plist;
				INFOPLIST_KEY_UIApplicationSupportsIndirectInputEvents = YES;
				INFOPLIST_KEY_UILaunchStoryboardName = LaunchScreen;
				INFOPLIST_KEY_UISupportedInterfaceOrientations_iPad = "UIInterfaceOrientationPortrait UIInterfaceOrientationPortraitUpsideDown UIInterfaceOrientationLandscapeLeft UIInterfaceOrientationLandscapeRight";
				INFOPLIST_KEY_UISupportedInterfaceOrientations_iPhone = "UIInterfaceOrientationPortrait UIInterfaceOrientationLandscapeLeft UIInterfaceOrientationLandscapeRight";
				LD_RUNPATH_SEARCH_PATHS = (
					"$(inherited)",
					"@executable_path/Frameworks",
				);
				MARKETING_VERSION = 1.0;
				PRODUCT_BUNDLE_IDENTIFIER = com.ricardosm.Movier;
				PRODUCT_NAME = "$(TARGET_NAME)";
				SUPPORTED_PLATFORMS = "iphoneos iphonesimulator";
				SUPPORTS_MACCATALYST = NO;
				SUPPORTS_MAC_DESIGNED_FOR_IPHONE_IPAD = NO;
				SUPPORTS_XR_DESIGNED_FOR_IPHONE_IPAD = NO;
				SWIFT_EMIT_LOC_STRINGS = YES;
				SWIFT_VERSION = 5.0;
				TARGETED_DEVICE_FAMILY = 1;
			};
			name = Debug;
		};
		A99BFDFF2BBB6A32004B5307 /* Release */ = {
			isa = XCBuildConfiguration;
			buildSettings = {
				ASSETCATALOG_COMPILER_APPICON_NAME = AppIcon;
				ASSETCATALOG_COMPILER_GLOBAL_ACCENT_COLOR_NAME = AccentColor;
				CODE_SIGN_STYLE = Automatic;
				CURRENT_PROJECT_VERSION = 1;
				DEVELOPMENT_TEAM = FJAA2F3LCL;
				GENERATE_INFOPLIST_FILE = YES;
				INFOPLIST_FILE = Movier/Resources/Info.plist;
				INFOPLIST_KEY_UIApplicationSupportsIndirectInputEvents = YES;
				INFOPLIST_KEY_UILaunchStoryboardName = LaunchScreen;
				INFOPLIST_KEY_UISupportedInterfaceOrientations_iPad = "UIInterfaceOrientationPortrait UIInterfaceOrientationPortraitUpsideDown UIInterfaceOrientationLandscapeLeft UIInterfaceOrientationLandscapeRight";
				INFOPLIST_KEY_UISupportedInterfaceOrientations_iPhone = "UIInterfaceOrientationPortrait UIInterfaceOrientationLandscapeLeft UIInterfaceOrientationLandscapeRight";
				LD_RUNPATH_SEARCH_PATHS = (
					"$(inherited)",
					"@executable_path/Frameworks",
				);
				MARKETING_VERSION = 1.0;
				PRODUCT_BUNDLE_IDENTIFIER = com.ricardosm.Movier;
				PRODUCT_NAME = "$(TARGET_NAME)";
				SUPPORTED_PLATFORMS = "iphoneos iphonesimulator";
				SUPPORTS_MACCATALYST = NO;
				SUPPORTS_MAC_DESIGNED_FOR_IPHONE_IPAD = NO;
				SUPPORTS_XR_DESIGNED_FOR_IPHONE_IPAD = NO;
				SWIFT_EMIT_LOC_STRINGS = YES;
				SWIFT_VERSION = 5.0;
				TARGETED_DEVICE_FAMILY = 1;
			};
			name = Release;
		};
		A99BFE492BBD11A4004B5307 /* Debug */ = {
			isa = XCBuildConfiguration;
			buildSettings = {
				BUNDLE_LOADER = "$(TEST_HOST)";
				CODE_SIGN_STYLE = Automatic;
				CURRENT_PROJECT_VERSION = 1;
				DEVELOPMENT_TEAM = FJAA2F3LCL;
				GENERATE_INFOPLIST_FILE = YES;
				IPHONEOS_DEPLOYMENT_TARGET = 17.2;
				MACOSX_DEPLOYMENT_TARGET = 14.2;
				MARKETING_VERSION = 1.0;
				PRODUCT_BUNDLE_IDENTIFIER = com.ricardosm.MovierTests;
				PRODUCT_NAME = "$(TARGET_NAME)";
				SDKROOT = auto;
				SUPPORTED_PLATFORMS = "iphoneos iphonesimulator macosx";
				SWIFT_EMIT_LOC_STRINGS = NO;
				SWIFT_VERSION = 5.0;
				TARGETED_DEVICE_FAMILY = "1,2";
				TEST_HOST = "$(BUILT_PRODUCTS_DIR)/Movier.app/$(BUNDLE_EXECUTABLE_FOLDER_PATH)/Movier";
			};
			name = Debug;
		};
		A99BFE4A2BBD11A4004B5307 /* Release */ = {
			isa = XCBuildConfiguration;
			buildSettings = {
				BUNDLE_LOADER = "$(TEST_HOST)";
				CODE_SIGN_STYLE = Automatic;
				CURRENT_PROJECT_VERSION = 1;
				DEVELOPMENT_TEAM = FJAA2F3LCL;
				GENERATE_INFOPLIST_FILE = YES;
				IPHONEOS_DEPLOYMENT_TARGET = 17.2;
				MACOSX_DEPLOYMENT_TARGET = 14.2;
				MARKETING_VERSION = 1.0;
				PRODUCT_BUNDLE_IDENTIFIER = com.ricardosm.MovierTests;
				PRODUCT_NAME = "$(TARGET_NAME)";
				SDKROOT = auto;
				SUPPORTED_PLATFORMS = "iphoneos iphonesimulator macosx";
				SWIFT_EMIT_LOC_STRINGS = NO;
				SWIFT_VERSION = 5.0;
				TARGETED_DEVICE_FAMILY = "1,2";
				TEST_HOST = "$(BUILT_PRODUCTS_DIR)/Movier.app/$(BUNDLE_EXECUTABLE_FOLDER_PATH)/Movier";
			};
			name = Release;
		};
/* End XCBuildConfiguration section */

/* Begin XCConfigurationList section */
		A99BFDE42BBB6A2F004B5307 /* Build configuration list for PBXProject "Movier" */ = {
			isa = XCConfigurationList;
			buildConfigurations = (
				A99BFDFB2BBB6A32004B5307 /* Debug */,
				A99BFDFC2BBB6A32004B5307 /* Release */,
			);
			defaultConfigurationIsVisible = 0;
			defaultConfigurationName = Release;
		};
		A99BFDFD2BBB6A32004B5307 /* Build configuration list for PBXNativeTarget "Movier" */ = {
			isa = XCConfigurationList;
			buildConfigurations = (
				A99BFDFE2BBB6A32004B5307 /* Debug */,
				A99BFDFF2BBB6A32004B5307 /* Release */,
			);
			defaultConfigurationIsVisible = 0;
			defaultConfigurationName = Release;
		};
		A99BFE482BBD11A4004B5307 /* Build configuration list for PBXNativeTarget "MovierTests" */ = {
			isa = XCConfigurationList;
			buildConfigurations = (
				A99BFE492BBD11A4004B5307 /* Debug */,
				A99BFE4A2BBD11A4004B5307 /* Release */,
			);
			defaultConfigurationIsVisible = 0;
			defaultConfigurationName = Release;
		};
/* End XCConfigurationList section */

/* Begin XCRemoteSwiftPackageReference section */
		A99BFE262BBCD445004B5307 /* XCRemoteSwiftPackageReference "Swinject" */ = {
			isa = XCRemoteSwiftPackageReference;
			repositoryURL = "https://github.com/Swinject/Swinject.git";
			requirement = {
				kind = upToNextMajorVersion;
				minimumVersion = 2.8.4;
			};
		};
/* End XCRemoteSwiftPackageReference section */

/* Begin XCSwiftPackageProductDependency section */
		A99BFE272BBCD445004B5307 /* Swinject */ = {
			isa = XCSwiftPackageProductDependency;
			package = A99BFE262BBCD445004B5307 /* XCRemoteSwiftPackageReference "Swinject" */;
			productName = Swinject;
		};
/* End XCSwiftPackageProductDependency section */
	};
	rootObject = A99BFDE12BBB6A2F004B5307 /* Project object */;
}
